<?xml version="1.0" encoding="UTF-8"?>
<Scheme
   version = "1.3">
   <BuildAction>
      <BuildActionEntries>
         <BuildActionEntry
            buildForRunning = "YES">
            <BuildableReference
               BuildableIdentifier = "primary"
               BlueprintIdentifier = "81089AA72846E31C0006CDF6"
               BuildableName = "Virtual Tourist.app"
               BlueprintName = "Virtual Tourist"
               ReferencedContainer = "container:Virtual Tourist.xcodeproj">
            </BuildableReference>
         </BuildActionEntry>
      </BuildActionEntries>
   </BuildAction>
   <LaunchAction
      useCustomWorkingDirectory = "NO"
      buildConfiguration = "Debug"
      allowLocationSimulation = "YES">
      <BuildableProductRunnable>
         <BuildableReference
            BuildableIdentifier = "primary"
            BlueprintIdentifier = "81089AA72846E31C0006CDF6"
            BuildableName = "Virtual Tourist.app"
            BlueprintName = "Virtual Tourist"
            ReferencedContainer = "container:Virtual Tourist.xcodeproj">
         </BuildableReference>
      </BuildableProductRunnable>
   </LaunchAction>
</Scheme>
